
Microsoft Visual Studio Solution File, Format Version 12.00
# Visual Studio Version 16
VisualStudioVersion = 16.0.31424.327
MinimumVisualStudioVersion = 10.0.40219.1
Project("{9A19103F-16F7-4668-BE54-9A1E7A4F7556}") = "MissingRanges", "GooglePrep\MissingRanges.csproj", "{45E40A75-7ED2-4C97-AEAD-A89AF5375098}"
EndProject
Project("{FAE04EC0-301F-11D3-BF4B-00C04F79EFBC}") = "NextClosedTime", "NextClosedTime\NextClosedTime.csproj", "{A22AD214-1A26-443C-8773-C46B0D3F7482}"
EndProject
Project("{FAE04EC0-301F-11D3-BF4B-00C04F79EFBC}") = "FindReplaceString", "FindReplaceString\FindReplaceString.csproj", "{A8158D3F-DF1B-405C-9151-14FE33BFF68A}"
EndProject
Project("{9A19103F-16F7-4668-BE54-9A1E7A4F7556}") = "MaxDistToClosest", "MaxDistToClosest\MaxDistToClosest.csproj", "{BFC4726C-2645-4815-A3A5-43D5BAF5A2EC}"
EndProject
Project("{FAE04EC0-301F-11D3-BF4B-00C04F79EFBC}") = "ValidParanthesis", "ValidParanthesis\ValidParanthesis.csproj", "{F560D94A-1932-4FA5-ACF9-69C3BFF1FA56}"
EndProject
Project("{FAE04EC0-301F-11D3-BF4B-00C04F79EFBC}") = "MergeKSortedLists-Alt", "MergeKSortedLists\MergeKSortedLists-Alt.csproj", "{CD0D5FF2-A442-422A-A50D-A4FE59A09E34}"
EndProject
Project("{9A19103F-16F7-4668-BE54-9A1E7A4F7556}") = "MergeKSortedLinkedList", "..\..\..\source\repos\MergeKSortedLinkedList\MergeKSortedLinkedList\MergeKSortedLinkedList.csproj", "{9B2ADE41-6B7D-4E7A-A4DB-4645E6FEDF0F}"
EndProject
Project("{FAE04EC0-301F-11D3-BF4B-00C04F79EFBC}") = "TrappingRainWater", "TrappingRainWater\TrappingRainWater.csproj", "{415E7CE8-5CE7-4B1F-BD93-2F821CD9AA38}"
EndProject
Project("{9A19103F-16F7-4668-BE54-9A1E7A4F7556}") = "KthLargestElement", "KthLargestElement\KthLargestElement.csproj", "{98E050F3-D400-4022-8C82-96854A8C9751}"
EndProject
Project("{9A19103F-16F7-4668-BE54-9A1E7A4F7556}") = "MeetingRooms", "MeetingRooms\MeetingRooms.csproj", "{99C59579-4B07-4273-9FC7-310D93D92954}"
EndProject
Project("{FAE04EC0-301F-11D3-BF4B-00C04F79EFBC}") = "BackspaceStringCompare", "BackspaceStringCompare\BackspaceStringCompare.csproj", "{C9E418C4-D1B3-4520-881E-409B5B299335}"
EndProject
Project("{FAE04EC0-301F-11D3-BF4B-00C04F79EFBC}") = "MinimumCosttoHireKWorkers", "MinimumCosttoHireKWorkers\MinimumCosttoHireKWorkers.csproj", "{8CEE231D-833A-4236-BB2D-532F8BC07EF7}"
EndProject
Project("{9A19103F-16F7-4668-BE54-9A1E7A4F7556}") = "KClosestPoint", "KClosestPoint\KClosestPoint.csproj", "{0C9AC34B-3051-47C1-BE99-2734D63049F9}"
EndProject
Project("{FAE04EC0-301F-11D3-BF4B-00C04F79EFBC}") = "KClosestPoint-Atl", "KClosestPoint-Atl\KClosestPoint-Atl.csproj", "{6357DF2A-287F-4872-83E5-28E00E0ECE9E}"
EndProject
Project("{FAE04EC0-301F-11D3-BF4B-00C04F79EFBC}") = "AddTwoNumbers-LinkedList", "AddTwoNumbers-LinkedList\AddTwoNumbers-LinkedList.csproj", "{6B9E83C2-F694-428F-97ED-AD08AA84C7E1}"
EndProject
Project("{FAE04EC0-301F-11D3-BF4B-00C04F79EFBC}") = "MergeTwosortedLists", "MergeTwosortedLists\MergeTwosortedLists.csproj", "{0C84D6F0-E3AC-44C9-8A7E-BCD3966435DD}"
EndProject
Global
	GlobalSection(SolutionConfigurationPlatforms) = preSolution
		Debug|Any CPU = Debug|Any CPU
		Release|Any CPU = Release|Any CPU
	EndGlobalSection
	GlobalSection(ProjectConfigurationPlatforms) = postSolution
		{45E40A75-7ED2-4C97-AEAD-A89AF5375098}.Debug|Any CPU.ActiveCfg = Debug|Any CPU
		{45E40A75-7ED2-4C97-AEAD-A89AF5375098}.Debug|Any CPU.Build.0 = Debug|Any CPU
		{45E40A75-7ED2-4C97-AEAD-A89AF5375098}.Release|Any CPU.ActiveCfg = Release|Any CPU
		{45E40A75-7ED2-4C97-AEAD-A89AF5375098}.Release|Any CPU.Build.0 = Release|Any CPU
		{A22AD214-1A26-443C-8773-C46B0D3F7482}.Debug|Any CPU.ActiveCfg = Debug|Any CPU
		{A22AD214-1A26-443C-8773-C46B0D3F7482}.Debug|Any CPU.Build.0 = Debug|Any CPU
		{A22AD214-1A26-443C-8773-C46B0D3F7482}.Release|Any CPU.ActiveCfg = Release|Any CPU
		{A22AD214-1A26-443C-8773-C46B0D3F7482}.Release|Any CPU.Build.0 = Release|Any CPU
		{A8158D3F-DF1B-405C-9151-14FE33BFF68A}.Debug|Any CPU.ActiveCfg = Debug|Any CPU
		{A8158D3F-DF1B-405C-9151-14FE33BFF68A}.Debug|Any CPU.Build.0 = Debug|Any CPU
		{A8158D3F-DF1B-405C-9151-14FE33BFF68A}.Release|Any CPU.ActiveCfg = Release|Any CPU
		{A8158D3F-DF1B-405C-9151-14FE33BFF68A}.Release|Any CPU.Build.0 = Release|Any CPU
		{BFC4726C-2645-4815-A3A5-43D5BAF5A2EC}.Debug|Any CPU.ActiveCfg = Debug|Any CPU
		{BFC4726C-2645-4815-A3A5-43D5BAF5A2EC}.Debug|Any CPU.Build.0 = Debug|Any CPU
		{BFC4726C-2645-4815-A3A5-43D5BAF5A2EC}.Release|Any CPU.ActiveCfg = Release|Any CPU
		{BFC4726C-2645-4815-A3A5-43D5BAF5A2EC}.Release|Any CPU.Build.0 = Release|Any CPU
		{F560D94A-1932-4FA5-ACF9-69C3BFF1FA56}.Debug|Any CPU.ActiveCfg = Debug|Any CPU
		{F560D94A-1932-4FA5-ACF9-69C3BFF1FA56}.Debug|Any CPU.Build.0 = Debug|Any CPU
		{F560D94A-1932-4FA5-ACF9-69C3BFF1FA56}.Release|Any CPU.ActiveCfg = Release|Any CPU
		{F560D94A-1932-4FA5-ACF9-69C3BFF1FA56}.Release|Any CPU.Build.0 = Release|Any CPU
		{CD0D5FF2-A442-422A-A50D-A4FE59A09E34}.Debug|Any CPU.ActiveCfg = Debug|Any CPU
		{CD0D5FF2-A442-422A-A50D-A4FE59A09E34}.Debug|Any CPU.Build.0 = Debug|Any CPU
		{CD0D5FF2-A442-422A-A50D-A4FE59A09E34}.Release|Any CPU.ActiveCfg = Release|Any CPU
		{CD0D5FF2-A442-422A-A50D-A4FE59A09E34}.Release|Any CPU.Build.0 = Release|Any CPU
		{9B2ADE41-6B7D-4E7A-A4DB-4645E6FEDF0F}.Debug|Any CPU.ActiveCfg = Debug|Any CPU
		{9B2ADE41-6B7D-4E7A-A4DB-4645E6FEDF0F}.Debug|Any CPU.Build.0 = Debug|Any CPU
		{9B2ADE41-6B7D-4E7A-A4DB-4645E6FEDF0F}.Release|Any CPU.ActiveCfg = Release|Any CPU
		{9B2ADE41-6B7D-4E7A-A4DB-4645E6FEDF0F}.Release|Any CPU.Build.0 = Release|Any CPU
		{415E7CE8-5CE7-4B1F-BD93-2F821CD9AA38}.Debug|Any CPU.ActiveCfg = Debug|Any CPU
		{415E7CE8-5CE7-4B1F-BD93-2F821CD9AA38}.Debug|Any CPU.Build.0 = Debug|Any CPU
		{415E7CE8-5CE7-4B1F-BD93-2F821CD9AA38}.Release|Any CPU.ActiveCfg = Release|Any CPU
		{415E7CE8-5CE7-4B1F-BD93-2F821CD9AA38}.Release|Any CPU.Build.0 = Release|Any CPU
		{98E050F3-D400-4022-8C82-96854A8C9751}.Debug|Any CPU.ActiveCfg = Debug|Any CPU
		{98E050F3-D400-4022-8C82-96854A8C9751}.Debug|Any CPU.Build.0 = Debug|Any CPU
		{98E050F3-D400-4022-8C82-96854A8C9751}.Release|Any CPU.ActiveCfg = Release|Any CPU
		{98E050F3-D400-4022-8C82-96854A8C9751}.Release|Any CPU.Build.0 = Release|Any CPU
		{99C59579-4B07-4273-9FC7-310D93D92954}.Debug|Any CPU.ActiveCfg = Debug|Any CPU
		{99C59579-4B07-4273-9FC7-310D93D92954}.Debug|Any CPU.Build.0 = Debug|Any CPU
		{99C59579-4B07-4273-9FC7-310D93D92954}.Release|Any CPU.ActiveCfg = Release|Any CPU
		{99C59579-4B07-4273-9FC7-310D93D92954}.Release|Any CPU.Build.0 = Release|Any CPU
		{C9E418C4-D1B3-4520-881E-409B5B299335}.Debug|Any CPU.ActiveCfg = Debug|Any CPU
		{C9E418C4-D1B3-4520-881E-409B5B299335}.Debug|Any CPU.Build.0 = Debug|Any CPU
		{C9E418C4-D1B3-4520-881E-409B5B299335}.Release|Any CPU.ActiveCfg = Release|Any CPU
		{C9E418C4-D1B3-4520-881E-409B5B299335}.Release|Any CPU.Build.0 = Release|Any CPU
		{8CEE231D-833A-4236-BB2D-532F8BC07EF7}.Debug|Any CPU.ActiveCfg = Debug|Any CPU
		{8CEE231D-833A-4236-BB2D-532F8BC07EF7}.Debug|Any CPU.Build.0 = Debug|Any CPU
		{8CEE231D-833A-4236-BB2D-532F8BC07EF7}.Release|Any CPU.ActiveCfg = Release|Any CPU
		{8CEE231D-833A-4236-BB2D-532F8BC07EF7}.Release|Any CPU.Build.0 = Release|Any CPU
		{0C9AC34B-3051-47C1-BE99-2734D63049F9}.Debug|Any CPU.ActiveCfg = Debug|Any CPU
		{0C9AC34B-3051-47C1-BE99-2734D63049F9}.Debug|Any CPU.Build.0 = Debug|Any CPU
		{0C9AC34B-3051-47C1-BE99-2734D63049F9}.Release|Any CPU.ActiveCfg = Release|Any CPU
		{0C9AC34B-3051-47C1-BE99-2734D63049F9}.Release|Any CPU.Build.0 = Release|Any CPU
		{6357DF2A-287F-4872-83E5-28E00E0ECE9E}.Debug|Any CPU.ActiveCfg = Debug|Any CPU
		{6357DF2A-287F-4872-83E5-28E00E0ECE9E}.Debug|Any CPU.Build.0 = Debug|Any CPU
		{6357DF2A-287F-4872-83E5-28E00E0ECE9E}.Release|Any CPU.ActiveCfg = Release|Any CPU
		{6357DF2A-287F-4872-83E5-28E00E0ECE9E}.Release|Any CPU.Build.0 = Release|Any CPU
		{6B9E83C2-F694-428F-97ED-AD08AA84C7E1}.Debug|Any CPU.ActiveCfg = Debug|Any CPU
		{6B9E83C2-F694-428F-97ED-AD08AA84C7E1}.Debug|Any CPU.Build.0 = Debug|Any CPU
		{6B9E83C2-F694-428F-97ED-AD08AA84C7E1}.Release|Any CPU.ActiveCfg = Release|Any CPU
		{6B9E83C2-F694-428F-97ED-AD08AA84C7E1}.Release|Any CPU.Build.0 = Release|Any CPU
		{0C84D6F0-E3AC-44C9-8A7E-BCD3966435DD}.Debug|Any CPU.ActiveCfg = Debug|Any CPU
		{0C84D6F0-E3AC-44C9-8A7E-BCD3966435DD}.Debug|Any CPU.Build.0 = Debug|Any CPU
		{0C84D6F0-E3AC-44C9-8A7E-BCD3966435DD}.Release|Any CPU.ActiveCfg = Release|Any CPU
		{0C84D6F0-E3AC-44C9-8A7E-BCD3966435DD}.Release|Any CPU.Build.0 = Release|Any CPU
	EndGlobalSection
	GlobalSection(SolutionProperties) = preSolution
		HideSolutionNode = FALSE
	EndGlobalSection
	GlobalSection(ExtensibilityGlobals) = postSolution
		SolutionGuid = {18CEAED3-15F9-4365-9BDD-D044782BAD7F}
	EndGlobalSection
EndGlobal
