
Microsoft Visual Studio Solution File, Format Version 12.00
# Visual Studio Version 16
VisualStudioVersion = 16.0.31424.327
MinimumVisualStudioVersion = 10.0.40219.1
Project("{9A19103F-16F7-4668-BE54-9A1E7A4F7556}") = "MissingRanges", "GooglePrep\MissingRanges.csproj", "{45E40A75-7ED2-4C97-AEAD-A89AF5375098}"
EndProject
Project("{FAE04EC0-301F-11D3-BF4B-00C04F79EFBC}") = "NextClosedTime", "NextClosedTime\NextClosedTime.csproj", "{A22AD214-1A26-443C-8773-C46B0D3F7482}"
EndProject
Global
	GlobalSection(SolutionConfigurationPlatforms) = preSolution
		Debug|Any CPU = Debug|Any CPU
		Release|Any CPU = Release|Any CPU
	EndGlobalSection
	GlobalSection(ProjectConfigurationPlatforms) = postSolution
		{45E40A75-7ED2-4C97-AEAD-A89AF5375098}.Debug|Any CPU.ActiveCfg = Debug|Any CPU
		{45E40A75-7ED2-4C97-AEAD-A89AF5375098}.Debug|Any CPU.Build.0 = Debug|Any CPU
		{45E40A75-7ED2-4C97-AEAD-A89AF5375098}.Release|Any CPU.ActiveCfg = Release|Any CPU
		{45E40A75-7ED2-4C97-AEAD-A89AF5375098}.Release|Any CPU.Build.0 = Release|Any CPU
		{A22AD214-1A26-443C-8773-C46B0D3F7482}.Debug|Any CPU.ActiveCfg = Debug|Any CPU
		{A22AD214-1A26-443C-8773-C46B0D3F7482}.Debug|Any CPU.Build.0 = Debug|Any CPU
		{A22AD214-1A26-443C-8773-C46B0D3F7482}.Release|Any CPU.ActiveCfg = Release|Any CPU
		{A22AD214-1A26-443C-8773-C46B0D3F7482}.Release|Any CPU.Build.0 = Release|Any CPU
	EndGlobalSection
	GlobalSection(SolutionProperties) = preSolution
		HideSolutionNode = FALSE
	EndGlobalSection
	GlobalSection(ExtensibilityGlobals) = postSolution
		SolutionGuid = {18CEAED3-15F9-4365-9BDD-D044782BAD7F}
	EndGlobalSection
EndGlobal
